
Microsoft Visual Studio Solution File, Format Version 12.00
# Visual Studio Version 17
VisualStudioVersion = 17.13.35919.96 d17.13
MinimumVisualStudioVersion = 10.0.40219.1
Project("{FAE04EC0-301F-11D3-BF4B-00C04F79EFBC}") = "LABORATORY 8", "LABORATORY 8.csproj", "{03B34487-AAE9-4ED1-80C0-E6636E7169FB}"
EndProject
Global
	GlobalSection(SolutionConfigurationPlatforms) = preSolution
		Debug|Any CPU = Debug|Any CPU
		Release|Any CPU = Release|Any CPU
	EndGlobalSection
	GlobalSection(ProjectConfigurationPlatforms) = postSolution
		{03B34487-AAE9-4ED1-80C0-E6636E7169FB}.Debug|Any CPU.ActiveCfg = Debug|Any CPU
		{03B34487-AAE9-4ED1-80C0-E6636E7169FB}.Debug|Any CPU.Build.0 = Debug|Any CPU
		{03B34487-AAE9-4ED1-80C0-E6636E7169FB}.Release|Any CPU.ActiveCfg = Release|Any CPU
		{03B34487-AAE9-4ED1-80C0-E6636E7169FB}.Release|Any CPU.Build.0 = Release|Any CPU
	EndGlobalSection
	GlobalSection(SolutionProperties) = preSolution
		HideSolutionNode = FALSE
	EndGlobalSection
	GlobalSection(ExtensibilityGlobals) = postSolution
		SolutionGuid = {FC4426EF-4855-448C-9120-5660D94A7159}
	EndGlobalSection
EndGlobal
